// !$*UTF8*$!
{
	archiveVersion = 1;
	classes = {
	};
	objectVersion = 77;
	objects = {

/* Begin PBXContainerItemProxy section */
		6E0039D12D8C07A9000FFBA5 /* PBXContainerItemProxy */ = {
			isa = PBXContainerItemProxy;
			containerPortal = 6E0039B62D8C07A8000FFBA5 /* Project object */;
			proxyType = 1;
			remoteGlobalIDString = 6E0039BD2D8C07A8000FFBA5;
			remoteInfo = AllenGeApp;
		};
		6E0039DB2D8C07A9000FFBA5 /* PBXContainerItemProxy */ = {
			isa = PBXContainerItemProxy;
			containerPortal = 6E0039B62D8C07A8000FFBA5 /* Project object */;
			proxyType = 1;
			remoteGlobalIDString = 6E0039BD2D8C07A8000FFBA5;
			remoteInfo = AllenGeApp;
		};
/* End PBXContainerItemProxy section */

/* Begin PBXFileReference section */
		6E0039BE2D8C07A8000FFBA5 /* AllenGeApp.app */ = {isa = PBXFileReference; explicitFileType = wrapper.application; includeInIndex = 0; path = AllenGeApp.app; sourceTree = BUILT_PRODUCTS_DIR; };
		6E0039D02D8C07A9000FFBA5 /* AllenGeAppTests.xctest */ = {isa = PBXFileReference; explicitFileType = wrapper.cfbundle; includeInIndex = 0; path = AllenGeAppTests.xctest; sourceTree = BUILT_PRODUCTS_DIR; };
		6E0039DA2D8C07A9000FFBA5 /* AllenGeAppUITests.xctest */ = {isa = PBXFileReference; explicitFileType = wrapper.cfbundle; includeInIndex = 0; path = AllenGeAppUITests.xctest; sourceTree = BUILT_PRODUCTS_DIR; };
/* End PBXFileReference section */

/* Begin PBXFileSystemSynchronizedRootGroup section */
		6E0039C02D8C07A8000FFBA5 /* AllenGeApp */ = {
			isa = PBXFileSystemSynchronizedRootGroup;
			path = AllenGeApp;
			sourceTree = "<group>";
		};
		6E0039D32D8C07A9000FFBA5 /* AllenGeAppTests */ = {
			isa = PBXFileSystemSynchronizedRootGroup;
			path = AllenGeAppTests;
			sourceTree = "<group>";
		};
		6E0039DD2D8C07A9000FFBA5 /* AllenGeAppUITests */ = {
			isa = PBXFileSystemSynchronizedRootGroup;
			path = AllenGeAppUITests;
			sourceTree = "<group>";
		};
/* End PBXFileSystemSynchronizedRootGroup section */

/* Begin PBXFrameworksBuildPhase section */
		6E0039BB2D8C07A8000FFBA5 /* Frameworks */ = {
			isa = PBXFrameworksBuildPhase;
			buildActionMask = 2147483647;
			files = (
			);
			runOnlyForDeploymentPostprocessing = 0;
		};
		6E0039CD2D8C07A9000FFBA5 /* Frameworks */ = {
			isa = PBXFrameworksBuildPhase;
			buildActionMask = 2147483647;
			files = (
			);
			runOnlyForDeploymentPostprocessing = 0;
		};
		6E0039D72D8C07A9000FFBA5 /* Frameworks */ = {
			isa = PBXFrameworksBuildPhase;
			buildActionMask = 2147483647;
			files = (
			);
			runOnlyForDeploymentPostprocessing = 0;
		};
/* End PBXFrameworksBuildPhase section */

/* Begin PBXGroup section */
		6E0039B52D8C07A8000FFBA5 = {
			isa = PBXGroup;
			children = (
				6E0039C02D8C07A8000FFBA5 /* AllenGeApp */,
				6E0039D32D8C07A9000FFBA5 /* AllenGeAppTests */,
				6E0039DD2D8C07A9000FFBA5 /* AllenGeAppUITests */,
				6E0039BF2D8C07A8000FFBA5 /* Products */,
			);
			sourceTree = "<group>";
		};
		6E0039BF2D8C07A8000FFBA5 /* Products */ = {
			isa = PBXGroup;
			children = (
				6E0039BE2D8C07A8000FFBA5 /* AllenGeApp.app */,
				6E0039D02D8C07A9000FFBA5 /* AllenGeAppTests.xctest */,
				6E0039DA2D8C07A9000FFBA5 /* AllenGeAppUITests.xctest */,
			);
			name = Products;
			sourceTree = "<group>";
		};
/* End PBXGroup section */

/* Begin PBXNativeTarget section */
		6E0039BD2D8C07A8000FFBA5 /* AllenGeApp */ = {
			isa = PBXNativeTarget;
			buildConfigurationList = 6E0039E42D8C07A9000FFBA5 /* Build configuration list for PBXNativeTarget "AllenGeApp" */;
			buildPhases = (
				6E0039BA2D8C07A8000FFBA5 /* Sources */,
				6E0039BB2D8C07A8000FFBA5 /* Frameworks */,
				6E0039BC2D8C07A8000FFBA5 /* Resources */,
			);
			buildRules = (
			);
			dependencies = (
			);
			fileSystemSynchronizedGroups = (
				6E0039C02D8C07A8000FFBA5 /* AllenGeApp */,
			);
			name = AllenGeApp;
			packageProductDependencies = (
			);
			productName = AllenGeApp;
			productReference = 6E0039BE2D8C07A8000FFBA5 /* AllenGeApp.app */;
			productType = "com.apple.product-type.application";
		};
		6E0039CF2D8C07A9000FFBA5 /* AllenGeAppTests */ = {
			isa = PBXNativeTarget;
			buildConfigurationList = 6E0039E72D8C07A9000FFBA5 /* Build configuration list for PBXNativeTarget "AllenGeAppTests" */;
			buildPhases = (
				6E0039CC2D8C07A9000FFBA5 /* Sources */,
				6E0039CD2D8C07A9000FFBA5 /* Frameworks */,
				6E0039CE2D8C07A9000FFBA5 /* Resources */,
			);
			buildRules = (
			);
			dependencies = (
				6E0039D22D8C07A9000FFBA5 /* PBXTargetDependency */,
			);
			fileSystemSynchronizedGroups = (
				6E0039D32D8C07A9000FFBA5 /* AllenGeAppTests */,
			);
			name = AllenGeAppTests;
			packageProductDependencies = (
			);
			productName = AllenGeAppTests;
			productReference = 6E0039D02D8C07A9000FFBA5 /* AllenGeAppTests.xctest */;
			productType = "com.apple.product-type.bundle.unit-test";
		};
		6E0039D92D8C07A9000FFBA5 /* AllenGeAppUITests */ = {
			isa = PBXNativeTarget;
			buildConfigurationList = 6E0039EA2D8C07A9000FFBA5 /* Build configuration list for PBXNativeTarget "AllenGeAppUITests" */;
			buildPhases = (
				6E0039D62D8C07A9000FFBA5 /* Sources */,
				6E0039D72D8C07A9000FFBA5 /* Frameworks */,
				6E0039D82D8C07A9000FFBA5 /* Resources */,
			);
			buildRules = (
			);
			dependencies = (
				6E0039DC2D8C07A9000FFBA5 /* PBXTargetDependency */,
			);
			fileSystemSynchronizedGroups = (
				6E0039DD2D8C07A9000FFBA5 /* AllenGeAppUITests */,
			);
			name = AllenGeAppUITests;
			packageProductDependencies = (
			);
			productName = AllenGeAppUITests;
			productReference = 6E0039DA2D8C07A9000FFBA5 /* AllenGeAppUITests.xctest */;
			productType = "com.apple.product-type.bundle.ui-testing";
		};
/* End PBXNativeTarget section */

/* Begin PBXProject section */
		6E0039B62D8C07A8000FFBA5 /* Project object */ = {
			isa = PBXProject;
			attributes = {
				BuildIndependentTargetsInParallel = 1;
				LastSwiftUpdateCheck = 1620;
				LastUpgradeCheck = 1620;
				TargetAttributes = {
					6E0039BD2D8C07A8000FFBA5 = {
						CreatedOnToolsVersion = 16.2;
					};
					6E0039CF2D8C07A9000FFBA5 = {
						CreatedOnToolsVersion = 16.2;
						TestTargetID = 6E0039BD2D8C07A8000FFBA5;
					};
					6E0039D92D8C07A9000FFBA5 = {
						CreatedOnToolsVersion = 16.2;
						TestTargetID = 6E0039BD2D8C07A8000FFBA5;
					};
				};
			};
			buildConfigurationList = 6E0039B92D8C07A8000FFBA5 /* Build configuration list for PBXProject "AllenGeApp" */;
			developmentRegion = en;
			hasScannedForEncodings = 0;
			knownRegions = (
				en,
				Base,
			);
			mainGroup = 6E0039B52D8C07A8000FFBA5;
			minimizedProjectReferenceProxies = 1;
			preferredProjectObjectVersion = 77;
			productRefGroup = 6E0039BF2D8C07A8000FFBA5 /* Products */;
			projectDirPath = "";
			projectRoot = "";
			targets = (
				6E0039BD2D8C07A8000FFBA5 /* AllenGeApp */,
				6E0039CF2D8C07A9000FFBA5 /* AllenGeAppTests */,
				6E0039D92D8C07A9000FFBA5 /* AllenGeAppUITests */,
			);
		};
/* End PBXProject section */

/* Begin PBXResourcesBuildPhase section */
		6E0039BC2D8C07A8000FFBA5 /* Resources */ = {
			isa = PBXResourcesBuildPhase;
			buildActionMask = 2147483647;
			files = (
			);
			runOnlyForDeploymentPostprocessing = 0;
		};
		6E0039CE2D8C07A9000FFBA5 /* Resources */ = {
			isa = PBXResourcesBuildPhase;
			buildActionMask = 2147483647;
			files = (
			);
			runOnlyForDeploymentPostprocessing = 0;
		};
		6E0039D82D8C07A9000FFBA5 /* Resources */ = {
			isa = PBXResourcesBuildPhase;
			buildActionMask = 2147483647;
			files = (
			);
			runOnlyForDeploymentPostprocessing = 0;
		};
/* End PBXResourcesBuildPhase section */

/* Begin PBXSourcesBuildPhase section */
		6E0039BA2D8C07A8000FFBA5 /* Sources */ = {
			isa = PBXSourcesBuildPhase;
			buildActionMask = 2147483647;
			files = (
			);
			runOnlyForDeploymentPostprocessing = 0;
		};
		6E0039CC2D8C07A9000FFBA5 /* Sources */ = {
			isa = PBXSourcesBuildPhase;
			buildActionMask = 2147483647;
			files = (
			);
			runOnlyForDeploymentPostprocessing = 0;
		};
		6E0039D62D8C07A9000FFBA5 /* Sources */ = {
			isa = PBXSourcesBuildPhase;
			buildActionMask = 2147483647;
			files = (
			);
			runOnlyForDeploymentPostprocessing = 0;
		};
/* End PBXSourcesBuildPhase section */

/* Begin PBXTargetDependency section */
		6E0039D22D8C07A9000FFBA5 /* PBXTargetDependency */ = {
			isa = PBXTargetDependency;
			target = 6E0039BD2D8C07A8000FFBA5 /* AllenGeApp */;
			targetProxy = 6E0039D12D8C07A9000FFBA5 /* PBXContainerItemProxy */;
		};
		6E0039DC2D8C07A9000FFBA5 /* PBXTargetDependency */ = {
			isa = PBXTargetDependency;
			target = 6E0039BD2D8C07A8000FFBA5 /* AllenGeApp */;
			targetProxy = 6E0039DB2D8C07A9000FFBA5 /* PBXContainerItemProxy */;
		};
/* End PBXTargetDependency section */

/* Begin XCBuildConfiguration section */
		6E0039E22D8C07A9000FFBA5 /* Debug */ = {
			isa = XCBuildConfiguration;
			buildSettings = {
				ALWAYS_SEARCH_USER_PATHS = NO;
				ASSETCATALOG_COMPILER_GENERATE_SWIFT_ASSET_SYMBOL_EXTENSIONS = YES;
				CLANG_ANALYZER_NONNULL = YES;
				CLANG_ANALYZER_NUMBER_OBJECT_CONVERSION = YES_AGGRESSIVE;
				CLANG_CXX_LANGUAGE_STANDARD = "gnu++20";
				CLANG_ENABLE_MODULES = YES;
				CLANG_ENABLE_OBJC_ARC = YES;
				CLANG_ENABLE_OBJC_WEAK = YES;
				CLANG_WARN_BLOCK_CAPTURE_AUTORELEASING = YES;
				CLANG_WARN_BOOL_CONVERSION = YES;
				CLANG_WARN_COMMA = YES;
				CLANG_WARN_CONSTANT_CONVERSION = YES;
				CLANG_WARN_DEPRECATED_OBJC_IMPLEMENTATIONS = YES;
				CLANG_WARN_DIRECT_OBJC_ISA_USAGE = YES_ERROR;
				CLANG_WARN_DOCUMENTATION_COMMENTS = YES;
				CLANG_WARN_EMPTY_BODY = YES;
				CLANG_WARN_ENUM_CONVERSION = YES;
				CLANG_WARN_INFINITE_RECURSION = YES;
				CLANG_WARN_INT_CONVERSION = YES;
				CLANG_WARN_NON_LITERAL_NULL_CONVERSION = YES;
				CLANG_WARN_OBJC_IMPLICIT_RETAIN_SELF = YES;
				CLANG_WARN_OBJC_LITERAL_CONVERSION = YES;
				CLANG_WARN_OBJC_ROOT_CLASS = YES_ERROR;
				CLANG_WARN_QUOTED_INCLUDE_IN_FRAMEWORK_HEADER = YES;
				CLANG_WARN_RANGE_LOOP_ANALYSIS = YES;
				CLANG_WARN_STRICT_PROTOTYPES = YES;
				CLANG_WARN_SUSPICIOUS_MOVE = YES;
				CLANG_WARN_UNGUARDED_AVAILABILITY = YES_AGGRESSIVE;
				CLANG_WARN_UNREACHABLE_CODE = YES;
				CLANG_WARN__DUPLICATE_METHOD_MATCH = YES;
				COPY_PHASE_STRIP = NO;
				DEBUG_INFORMATION_FORMAT = dwarf;
				ENABLE_STRICT_OBJC_MSGSEND = YES;
				ENABLE_TESTABILITY = YES;
				ENABLE_USER_SCRIPT_SANDBOXING = YES;
				GCC_C_LANGUAGE_STANDARD = gnu17;
				GCC_DYNAMIC_NO_PIC = NO;
				GCC_NO_COMMON_BLOCKS = YES;
				GCC_OPTIMIZATION_LEVEL = 0;
				GCC_PREPROCESSOR_DEFINITIONS = (
					"DEBUG=1",
					"$(inherited)",
				);
				GCC_WARN_64_TO_32_BIT_CONVERSION = YES;
				GCC_WARN_ABOUT_RETURN_TYPE = YES_ERROR;
				GCC_WARN_UNDECLARED_SELECTOR = YES;
				GCC_WARN_UNINITIALIZED_AUTOS = YES_AGGRESSIVE;
				GCC_WARN_UNUSED_FUNCTION = YES;
				GCC_WARN_UNUSED_VARIABLE = YES;
				INFOPLIST_FILE = "";
				IPHONEOS_DEPLOYMENT_TARGET = 18.2;
				LOCALIZATION_PREFERS_STRING_CATALOGS = YES;
				MTL_ENABLE_DEBUG_INFO = INCLUDE_SOURCE;
				MTL_FAST_MATH = YES;
				ONLY_ACTIVE_ARCH = YES;
				SDKROOT = iphoneos;
				SWIFT_ACTIVE_COMPILATION_CONDITIONS = "DEBUG $(inherited)";
				SWIFT_OPTIMIZATION_LEVEL = "-Onone";
			};
			name = Debug;
		};
		6E0039E32D8C07A9000FFBA5 /* Release */ = {
			isa = XCBuildConfiguration;
			buildSettings = {
				ALWAYS_SEARCH_USER_PATHS = NO;
				ASSETCATALOG_COMPILER_GENERATE_SWIFT_ASSET_SYMBOL_EXTENSIONS = YES;
				CLANG_ANALYZER_NONNULL = YES;
				CLANG_ANALYZER_NUMBER_OBJECT_CONVERSION = YES_AGGRESSIVE;
				CLANG_CXX_LANGUAGE_STANDARD = "gnu++20";
				CLANG_ENABLE_MODULES = YES;
				CLANG_ENABLE_OBJC_ARC = YES;
				CLANG_ENABLE_OBJC_WEAK = YES;
				CLANG_WARN_BLOCK_CAPTURE_AUTORELEASING = YES;
				CLANG_WARN_BOOL_CONVERSION = YES;
				CLANG_WARN_COMMA = YES;
				CLANG_WARN_CONSTANT_CONVERSION = YES;
				CLANG_WARN_DEPRECATED_OBJC_IMPLEMENTATIONS = YES;
				CLANG_WARN_DIRECT_OBJC_ISA_USAGE = YES_ERROR;
				CLANG_WARN_DOCUMENTATION_COMMENTS = YES;
				CLANG_WARN_EMPTY_BODY = YES;
				CLANG_WARN_ENUM_CONVERSION = YES;
				CLANG_WARN_INFINITE_RECURSION = YES;
				CLANG_WARN_INT_CONVERSION = YES;
				CLANG_WARN_NON_LITERAL_NULL_CONVERSION = YES;
				CLANG_WARN_OBJC_IMPLICIT_RETAIN_SELF = YES;
				CLANG_WARN_OBJC_LITERAL_CONVERSION = YES;
				CLANG_WARN_OBJC_ROOT_CLASS = YES_ERROR;
				CLANG_WARN_QUOTED_INCLUDE_IN_FRAMEWORK_HEADER = YES;
				CLANG_WARN_RANGE_LOOP_ANALYSIS = YES;
				CLANG_WARN_STRICT_PROTOTYPES = YES;
				CLANG_WARN_SUSPICIOUS_MOVE = YES;
				CLANG_WARN_UNGUARDED_AVAILABILITY = YES_AGGRESSIVE;
				CLANG_WARN_UNREACHABLE_CODE = YES;
				CLANG_WARN__DUPLICATE_METHOD_MATCH = YES;
				COPY_PHASE_STRIP = NO;
				DEBUG_INFORMATION_FORMAT = "dwarf-with-dsym";
				ENABLE_NS_ASSERTIONS = NO;
				ENABLE_STRICT_OBJC_MSGSEND = YES;
				ENABLE_USER_SCRIPT_SANDBOXING = YES;
				GCC_C_LANGUAGE_STANDARD = gnu17;
				GCC_NO_COMMON_BLOCKS = YES;
				GCC_WARN_64_TO_32_BIT_CONVERSION = YES;
				GCC_WARN_ABOUT_RETURN_TYPE = YES_ERROR;
				GCC_WARN_UNDECLARED_SELECTOR = YES;
				GCC_WARN_UNINITIALIZED_AUTOS = YES_AGGRESSIVE;
				GCC_WARN_UNUSED_FUNCTION = YES;
				GCC_WARN_UNUSED_VARIABLE = YES;
				INFOPLIST_FILE = "";
				IPHONEOS_DEPLOYMENT_TARGET = 18.2;
				LOCALIZATION_PREFERS_STRING_CATALOGS = YES;
				MTL_ENABLE_DEBUG_INFO = NO;
				MTL_FAST_MATH = YES;
				SDKROOT = iphoneos;
				SWIFT_COMPILATION_MODE = wholemodule;
				VALIDATE_PRODUCT = YES;
			};
			name = Release;
		};
		6E0039E52D8C07A9000FFBA5 /* Debug */ = {
			isa = XCBuildConfiguration;
			buildSettings = {
				ASSETCATALOG_COMPILER_APPICON_NAME = AppIcon;
				ASSETCATALOG_COMPILER_GLOBAL_ACCENT_COLOR_NAME = AccentColor;
				ASSETCATALOG_COMPILER_INCLUDE_ALL_APPICON_ASSETS = NO;
				CODE_SIGN_STYLE = Automatic;
				CURRENT_PROJECT_VERSION = 1;
				DEVELOPMENT_ASSET_PATHS = "\"AllenGeApp/Preview Content\"";
				DEVELOPMENT_TEAM = BP66583R2M;
				ENABLE_PREVIEWS = YES;
				GENERATE_INFOPLIST_FILE = YES;
				INFOPLIST_KEY_UIApplicationSceneManifest_Generation = YES;
				INFOPLIST_KEY_UIApplicationSupportsIndirectInputEvents = YES;
				INFOPLIST_KEY_UILaunchScreen_Generation = YES;
				INFOPLIST_KEY_UILaunchStoryboardName = LaunchScreen;
				INFOPLIST_KEY_UIRequiresFullScreen = YES;
				INFOPLIST_KEY_UISupportedInterfaceOrientations_iPad = "UIInterfaceOrientationPortrait UIInterfaceOrientationPortraitUpsideDown UIInterfaceOrientationLandscapeLeft UIInterfaceOrientationLandscapeRight";
				INFOPLIST_KEY_UISupportedInterfaceOrientations_iPhone = "UIInterfaceOrientationPortrait UIInterfaceOrientationLandscapeLeft UIInterfaceOrientationLandscapeRight";
				LD_RUNPATH_SEARCH_PATHS = (
					"$(inherited)",
					"@executable_path/Frameworks",
				);
				MARKETING_VERSION = 1.0.0;
				PRODUCT_BUNDLE_IDENTIFIER = com.gyj.yy.AllenGeApp;
				PRODUCT_NAME = "$(TARGET_NAME)";
				SWIFT_EMIT_LOC_STRINGS = YES;
				SWIFT_VERSION = 5.0;
				TARGETED_DEVICE_FAMILY = "1,2";
			};
			name = Debug;
		};
		6E0039E62D8C07A9000FFBA5 /* Release */ = {
			isa = XCBuildConfiguration;
			buildSettings = {
				ASSETCATALOG_COMPILER_APPICON_NAME = AppIcon;
				ASSETCATALOG_COMPILER_GLOBAL_ACCENT_COLOR_NAME = AccentColor;
				ASSETCATALOG_COMPILER_INCLUDE_ALL_APPICON_ASSETS = NO;
				CODE_SIGN_STYLE = Automatic;
				CURRENT_PROJECT_VERSION = 1;
				DEVELOPMENT_ASSET_PATHS = "\"AllenGeApp/Preview Content\"";
				DEVELOPMENT_TEAM = BP66583R2M;
				ENABLE_PREVIEWS = YES;
				GENERATE_INFOPLIST_FILE = YES;
				INFOPLIST_KEY_UIApplicationSceneManifest_Generation = YES;
				INFOPLIST_KEY_UIApplicationSupportsIndirectInputEvents = YES;
				INFOPLIST_KEY_UILaunchScreen_Generation = YES;
				INFOPLIST_KEY_UILaunchStoryboardName = LaunchScreen;
				INFOPLIST_KEY_UIRequiresFullScreen = YES;
				INFOPLIST_KEY_UISupportedInterfaceOrientations_iPad = "UIInterfaceOrientationPortrait UIInterfaceOrientationPortraitUpsideDown UIInterfaceOrientationLandscapeLeft UIInterfaceOrientationLandscapeRight";
				INFOPLIST_KEY_UISupportedInterfaceOrientations_iPhone = "UIInterfaceOrientationPortrait UIInterfaceOrientationLandscapeLeft UIInterfaceOrientationLandscapeRight";
				LD_RUNPATH_SEARCH_PATHS = (
					"$(inherited)",
					"@executable_path/Frameworks",
				);
				MARKETING_VERSION = 1.0.0;
				PRODUCT_BUNDLE_IDENTIFIER = com.gyj.yy.AllenGeApp;
				PRODUCT_NAME = "$(TARGET_NAME)";
				SWIFT_EMIT_LOC_STRINGS = YES;
				SWIFT_VERSION = 5.0;
				TARGETED_DEVICE_FAMILY = "1,2";
			};
			name = Release;
		};
		6E0039E82D8C07A9000FFBA5 /* Debug */ = {
			isa = XCBuildConfiguration;
			buildSettings = {
				BUNDLE_LOADER = "$(TEST_HOST)";
				CODE_SIGN_STYLE = Automatic;
				CURRENT_PROJECT_VERSION = 1;
				DEVELOPMENT_TEAM = BP66583R2M;
				GENERATE_INFOPLIST_FILE = YES;
				IPHONEOS_DEPLOYMENT_TARGET = 18.2;
				MARKETING_VERSION = 1.0;
				PRODUCT_BUNDLE_IDENTIFIER = com.gyj.yy.AllenGeAppTests;
				PRODUCT_NAME = "$(TARGET_NAME)";
				SWIFT_EMIT_LOC_STRINGS = NO;
				SWIFT_VERSION = 5.0;
				TARGETED_DEVICE_FAMILY = "1,2";
				TEST_HOST = "$(BUILT_PRODUCTS_DIR)/AllenGeApp.app/$(BUNDLE_EXECUTABLE_FOLDER_PATH)/AllenGeApp";
			};
			name = Debug;
		};
		6E0039E92D8C07A9000FFBA5 /* Release */ = {
			isa = XCBuildConfiguration;
			buildSettings = {
				BUNDLE_LOADER = "$(TEST_HOST)";
				CODE_SIGN_STYLE = Automatic;
				CURRENT_PROJECT_VERSION = 1;
				DEVELOPMENT_TEAM = BP66583R2M;
				GENERATE_INFOPLIST_FILE = YES;
				IPHONEOS_DEPLOYMENT_TARGET = 18.2;
				MARKETING_VERSION = 1.0;
				PRODUCT_BUNDLE_IDENTIFIER = com.gyj.yy.AllenGeAppTests;
				PRODUCT_NAME = "$(TARGET_NAME)";
				SWIFT_EMIT_LOC_STRINGS = NO;
				SWIFT_VERSION = 5.0;
				TARGETED_DEVICE_FAMILY = "1,2";
				TEST_HOST = "$(BUILT_PRODUCTS_DIR)/AllenGeApp.app/$(BUNDLE_EXECUTABLE_FOLDER_PATH)/AllenGeApp";
			};
			name = Release;
		};
		6E0039EB2D8C07A9000FFBA5 /* Debug */ = {
			isa = XCBuildConfiguration;
			buildSettings = {
				CODE_SIGN_STYLE = Automatic;
				CURRENT_PROJECT_VERSION = 1;
				DEVELOPMENT_TEAM = BP66583R2M;
				GENERATE_INFOPLIST_FILE = YES;
				MARKETING_VERSION = 1.0;
				PRODUCT_BUNDLE_IDENTIFIER = com.gyj.yy.AllenGeAppUITests;
				PRODUCT_NAME = "$(TARGET_NAME)";
				SWIFT_EMIT_LOC_STRINGS = NO;
				SWIFT_VERSION = 5.0;
				TARGETED_DEVICE_FAMILY = "1,2";
				TEST_TARGET_NAME = AllenGeApp;
			};
			name = Debug;
		};
		6E0039EC2D8C07A9000FFBA5 /* Release */ = {
			isa = XCBuildConfiguration;
			buildSettings = {
				CODE_SIGN_STYLE = Automatic;
				CURRENT_PROJECT_VERSION = 1;
				DEVELOPMENT_TEAM = BP66583R2M;
				GENERATE_INFOPLIST_FILE = YES;
				MARKETING_VERSION = 1.0;
				PRODUCT_BUNDLE_IDENTIFIER = com.gyj.yy.AllenGeAppUITests;
				PRODUCT_NAME = "$(TARGET_NAME)";
				SWIFT_EMIT_LOC_STRINGS = NO;
				SWIFT_VERSION = 5.0;
				TARGETED_DEVICE_FAMILY = "1,2";
				TEST_TARGET_NAME = AllenGeApp;
			};
			name = Release;
		};
/* End XCBuildConfiguration section */

/* Begin XCConfigurationList section */
		6E0039B92D8C07A8000FFBA5 /* Build configuration list for PBXProject "AllenGeApp" */ = {
			isa = XCConfigurationList;
			buildConfigurations = (
				6E0039E22D8C07A9000FFBA5 /* Debug */,
				6E0039E32D8C07A9000FFBA5 /* Release */,
			);
			defaultConfigurationIsVisible = 0;
			defaultConfigurationName = Release;
		};
		6E0039E42D8C07A9000FFBA5 /* Build configuration list for PBXNativeTarget "AllenGeApp" */ = {
			isa = XCConfigurationList;
			buildConfigurations = (
				6E0039E52D8C07A9000FFBA5 /* Debug */,
				6E0039E62D8C07A9000FFBA5 /* Release */,
			);
			defaultConfigurationIsVisible = 0;
			defaultConfigurationName = Release;
		};
		6E0039E72D8C07A9000FFBA5 /* Build configuration list for PBXNativeTarget "AllenGeAppTests" */ = {
			isa = XCConfigurationList;
			buildConfigurations = (
				6E0039E82D8C07A9000FFBA5 /* Debug */,
				6E0039E92D8C07A9000FFBA5 /* Release */,
			);
			defaultConfigurationIsVisible = 0;
			defaultConfigurationName = Release;
		};
		6E0039EA2D8C07A9000FFBA5 /* Build configuration list for PBXNativeTarget "AllenGeAppUITests" */ = {
			isa = XCConfigurationList;
			buildConfigurations = (
				6E0039EB2D8C07A9000FFBA5 /* Debug */,
				6E0039EC2D8C07A9000FFBA5 /* Release */,
			);
			defaultConfigurationIsVisible = 0;
			defaultConfigurationName = Release;
		};
/* End XCConfigurationList section */
	};
	rootObject = 6E0039B62D8C07A8000FFBA5 /* Project object */;
}
